
Microsoft Visual Studio Solution File, Format Version 12.00
# Visual Studio Version 16
VisualStudioVersion = 16.0.30406.217
MinimumVisualStudioVersion = 10.0.40219.1
Project("{FAE04EC0-301F-11D3-BF4B-00C04F79EFBC}") = "Discord-Webhook-Cannon", "Discord-Webhook-Cannon\Discord-Webhook-Cannon.csproj", "{800C3D26-0B1D-4EE2-9CAA-DB1D4CED2ACD}"
EndProject
Global
	GlobalSection(SolutionConfigurationPlatforms) = preSolution
		Debug|Any CPU = Debug|Any CPU
		Release|Any CPU = Release|Any CPU
	EndGlobalSection
	GlobalSection(ProjectConfigurationPlatforms) = postSolution
		{800C3D26-0B1D-4EE2-9CAA-DB1D4CED2ACD}.Debug|Any CPU.ActiveCfg = Debug|Any CPU
		{800C3D26-0B1D-4EE2-9CAA-DB1D4CED2ACD}.Debug|Any CPU.Build.0 = Debug|Any CPU
		{800C3D26-0B1D-4EE2-9CAA-DB1D4CED2ACD}.Release|Any CPU.ActiveCfg = Release|Any CPU
		{800C3D26-0B1D-4EE2-9CAA-DB1D4CED2ACD}.Release|Any CPU.Build.0 = Release|Any CPU
	EndGlobalSection
	GlobalSection(SolutionProperties) = preSolution
		HideSolutionNode = FALSE
	EndGlobalSection
	GlobalSection(ExtensibilityGlobals) = postSolution
		SolutionGuid = {EC82B9C6-8E8E-40DA-85CB-A73D40AD28CB}
	EndGlobalSection
EndGlobal
